
Microsoft Visual Studio Solution File, Format Version 12.00
# Visual Studio 15
VisualStudioVersion = 15.0.27130.2027
MinimumVisualStudioVersion = 10.0.40219.1
Project("{FAE04EC0-301F-11D3-BF4B-00C04F79EFBC}") = "01_Classe", "01_Classe\01_Classe.csproj", "{E4EA1579-36B1-454B-AB59-69CDAF524D61}"
EndProject
Project("{FAE04EC0-301F-11D3-BF4B-00C04F79EFBC}") = "02_Metodos", "02_Metodos\02_Metodos.csproj", "{EB58C970-23C7-49E0-9878-C58CE44CAEFC}"
EndProject
Project("{FAE04EC0-301F-11D3-BF4B-00C04F79EFBC}") = "03_Construtor", "03_Construtor\03_Construtor.csproj", "{23B38509-9721-4C0D-997E-54422AB89CDF}"
EndProject
Global
	GlobalSection(SolutionConfigurationPlatforms) = preSolution
		Debug|Any CPU = Debug|Any CPU
		Release|Any CPU = Release|Any CPU
	EndGlobalSection
	GlobalSection(ProjectConfigurationPlatforms) = postSolution
		{E4EA1579-36B1-454B-AB59-69CDAF524D61}.Debug|Any CPU.ActiveCfg = Debug|Any CPU
		{E4EA1579-36B1-454B-AB59-69CDAF524D61}.Debug|Any CPU.Build.0 = Debug|Any CPU
		{E4EA1579-36B1-454B-AB59-69CDAF524D61}.Release|Any CPU.ActiveCfg = Release|Any CPU
		{E4EA1579-36B1-454B-AB59-69CDAF524D61}.Release|Any CPU.Build.0 = Release|Any CPU
		{EB58C970-23C7-49E0-9878-C58CE44CAEFC}.Debug|Any CPU.ActiveCfg = Debug|Any CPU
		{EB58C970-23C7-49E0-9878-C58CE44CAEFC}.Debug|Any CPU.Build.0 = Debug|Any CPU
		{EB58C970-23C7-49E0-9878-C58CE44CAEFC}.Release|Any CPU.ActiveCfg = Release|Any CPU
		{EB58C970-23C7-49E0-9878-C58CE44CAEFC}.Release|Any CPU.Build.0 = Release|Any CPU
		{23B38509-9721-4C0D-997E-54422AB89CDF}.Debug|Any CPU.ActiveCfg = Debug|Any CPU
		{23B38509-9721-4C0D-997E-54422AB89CDF}.Debug|Any CPU.Build.0 = Debug|Any CPU
		{23B38509-9721-4C0D-997E-54422AB89CDF}.Release|Any CPU.ActiveCfg = Release|Any CPU
		{23B38509-9721-4C0D-997E-54422AB89CDF}.Release|Any CPU.Build.0 = Release|Any CPU
	EndGlobalSection
	GlobalSection(SolutionProperties) = preSolution
		HideSolutionNode = FALSE
	EndGlobalSection
	GlobalSection(ExtensibilityGlobals) = postSolution
		SolutionGuid = {59876FB3-5B15-41CB-80E9-5F5D35106348}
	EndGlobalSection
EndGlobal
