
Microsoft Visual Studio Solution File, Format Version 12.00
# Visual Studio 15
VisualStudioVersion = 15.0.27130.2027
MinimumVisualStudioVersion = 10.0.40219.1
Project("{FAE04EC0-301F-11D3-BF4B-00C04F79EFBC}") = "01_LocalizarTexto", "01_LocalizarTexto\01_LocalizarTexto.csproj", "{C8C319E5-7994-476B-9FFA-256D84DD9CE6}"
EndProject
Project("{FAE04EC0-301F-11D3-BF4B-00C04F79EFBC}") = "02_Substituir", "02_Substituir\02_Substituir.csproj", "{63B10B63-9700-45AD-967E-C5869A82D86F}"
EndProject
Project("{FAE04EC0-301F-11D3-BF4B-00C04F79EFBC}") = "VerificarTextoExist", "VerificarTextoExist\VerificarTextoExist.csproj", "{4551B66E-E481-48AB-9715-6396DB650128}"
EndProject
Project("{FAE04EC0-301F-11D3-BF4B-00C04F79EFBC}") = "03_FormatarString", "FormatarString\03_FormatarString.csproj", "{E1C65E0D-4FF7-4C47-A6B1-860D5CC16A49}"
EndProject
Project("{FAE04EC0-301F-11D3-BF4B-00C04F79EFBC}") = "04_MudarCase", "04_MudarCase\04_MudarCase.csproj", "{4143C76D-401D-401B-A0BB-E3873403B982}"
EndProject
Project("{FAE04EC0-301F-11D3-BF4B-00C04F79EFBC}") = "05_RemoverEspaco", "05_RemoverEspaco\05_RemoverEspaco.csproj", "{C0323BA1-B7C5-4FE5-BC11-72DD7102A8ED}"
EndProject
Project("{FAE04EC0-301F-11D3-BF4B-00C04F79EFBC}") = "SepararTexto", "SepararTexto\SepararTexto.csproj", "{187BE449-CC24-4280-9C7C-AE44D1ECCD80}"
EndProject
Project("{FAE04EC0-301F-11D3-BF4B-00C04F79EFBC}") = "Subtexto", "Subtexto\Subtexto.csproj", "{8740A6B6-E64B-4432-BD36-DD11AFFB4BE1}"
EndProject
Global
	GlobalSection(SolutionConfigurationPlatforms) = preSolution
		Debug|Any CPU = Debug|Any CPU
		Release|Any CPU = Release|Any CPU
	EndGlobalSection
	GlobalSection(ProjectConfigurationPlatforms) = postSolution
		{C8C319E5-7994-476B-9FFA-256D84DD9CE6}.Debug|Any CPU.ActiveCfg = Debug|Any CPU
		{C8C319E5-7994-476B-9FFA-256D84DD9CE6}.Debug|Any CPU.Build.0 = Debug|Any CPU
		{C8C319E5-7994-476B-9FFA-256D84DD9CE6}.Release|Any CPU.ActiveCfg = Release|Any CPU
		{C8C319E5-7994-476B-9FFA-256D84DD9CE6}.Release|Any CPU.Build.0 = Release|Any CPU
		{63B10B63-9700-45AD-967E-C5869A82D86F}.Debug|Any CPU.ActiveCfg = Debug|Any CPU
		{63B10B63-9700-45AD-967E-C5869A82D86F}.Debug|Any CPU.Build.0 = Debug|Any CPU
		{63B10B63-9700-45AD-967E-C5869A82D86F}.Release|Any CPU.ActiveCfg = Release|Any CPU
		{63B10B63-9700-45AD-967E-C5869A82D86F}.Release|Any CPU.Build.0 = Release|Any CPU
		{4551B66E-E481-48AB-9715-6396DB650128}.Debug|Any CPU.ActiveCfg = Debug|Any CPU
		{4551B66E-E481-48AB-9715-6396DB650128}.Debug|Any CPU.Build.0 = Debug|Any CPU
		{4551B66E-E481-48AB-9715-6396DB650128}.Release|Any CPU.ActiveCfg = Release|Any CPU
		{4551B66E-E481-48AB-9715-6396DB650128}.Release|Any CPU.Build.0 = Release|Any CPU
		{E1C65E0D-4FF7-4C47-A6B1-860D5CC16A49}.Debug|Any CPU.ActiveCfg = Debug|Any CPU
		{E1C65E0D-4FF7-4C47-A6B1-860D5CC16A49}.Debug|Any CPU.Build.0 = Debug|Any CPU
		{E1C65E0D-4FF7-4C47-A6B1-860D5CC16A49}.Release|Any CPU.ActiveCfg = Release|Any CPU
		{E1C65E0D-4FF7-4C47-A6B1-860D5CC16A49}.Release|Any CPU.Build.0 = Release|Any CPU
		{4143C76D-401D-401B-A0BB-E3873403B982}.Debug|Any CPU.ActiveCfg = Debug|Any CPU
		{4143C76D-401D-401B-A0BB-E3873403B982}.Debug|Any CPU.Build.0 = Debug|Any CPU
		{4143C76D-401D-401B-A0BB-E3873403B982}.Release|Any CPU.ActiveCfg = Release|Any CPU
		{4143C76D-401D-401B-A0BB-E3873403B982}.Release|Any CPU.Build.0 = Release|Any CPU
		{C0323BA1-B7C5-4FE5-BC11-72DD7102A8ED}.Debug|Any CPU.ActiveCfg = Debug|Any CPU
		{C0323BA1-B7C5-4FE5-BC11-72DD7102A8ED}.Debug|Any CPU.Build.0 = Debug|Any CPU
		{C0323BA1-B7C5-4FE5-BC11-72DD7102A8ED}.Release|Any CPU.ActiveCfg = Release|Any CPU
		{C0323BA1-B7C5-4FE5-BC11-72DD7102A8ED}.Release|Any CPU.Build.0 = Release|Any CPU
		{187BE449-CC24-4280-9C7C-AE44D1ECCD80}.Debug|Any CPU.ActiveCfg = Debug|Any CPU
		{187BE449-CC24-4280-9C7C-AE44D1ECCD80}.Debug|Any CPU.Build.0 = Debug|Any CPU
		{187BE449-CC24-4280-9C7C-AE44D1ECCD80}.Release|Any CPU.ActiveCfg = Release|Any CPU
		{187BE449-CC24-4280-9C7C-AE44D1ECCD80}.Release|Any CPU.Build.0 = Release|Any CPU
		{8740A6B6-E64B-4432-BD36-DD11AFFB4BE1}.Debug|Any CPU.ActiveCfg = Debug|Any CPU
		{8740A6B6-E64B-4432-BD36-DD11AFFB4BE1}.Debug|Any CPU.Build.0 = Debug|Any CPU
		{8740A6B6-E64B-4432-BD36-DD11AFFB4BE1}.Release|Any CPU.ActiveCfg = Release|Any CPU
		{8740A6B6-E64B-4432-BD36-DD11AFFB4BE1}.Release|Any CPU.Build.0 = Release|Any CPU
	EndGlobalSection
	GlobalSection(SolutionProperties) = preSolution
		HideSolutionNode = FALSE
	EndGlobalSection
	GlobalSection(ExtensibilityGlobals) = postSolution
		SolutionGuid = {8831BCF1-CFDB-4E81-8B5F-AB2AAC4AF73A}
	EndGlobalSection
EndGlobal
