
Microsoft Visual Studio Solution File, Format Version 12.00
# Visual Studio 15
VisualStudioVersion = 15.0.27130.2027
MinimumVisualStudioVersion = 10.0.40219.1
Project("{FAE04EC0-301F-11D3-BF4B-00C04F79EFBC}") = "01_Classe", "01_Classe\01_Classe.csproj", "{3E489129-A6A0-4006-AB0F-2006ACC5E01C}"
EndProject
Project("{FAE04EC0-301F-11D3-BF4B-00C04F79EFBC}") = "02_Estatico", "02_Estatico\02_Estatico.csproj", "{3FC04F36-3167-4C23-9668-CA1E75D40F59}"
EndProject
Global
	GlobalSection(SolutionConfigurationPlatforms) = preSolution
		Debug|Any CPU = Debug|Any CPU
		Release|Any CPU = Release|Any CPU
	EndGlobalSection
	GlobalSection(ProjectConfigurationPlatforms) = postSolution
		{3E489129-A6A0-4006-AB0F-2006ACC5E01C}.Debug|Any CPU.ActiveCfg = Debug|Any CPU
		{3E489129-A6A0-4006-AB0F-2006ACC5E01C}.Debug|Any CPU.Build.0 = Debug|Any CPU
		{3E489129-A6A0-4006-AB0F-2006ACC5E01C}.Release|Any CPU.ActiveCfg = Release|Any CPU
		{3E489129-A6A0-4006-AB0F-2006ACC5E01C}.Release|Any CPU.Build.0 = Release|Any CPU
		{3FC04F36-3167-4C23-9668-CA1E75D40F59}.Debug|Any CPU.ActiveCfg = Debug|Any CPU
		{3FC04F36-3167-4C23-9668-CA1E75D40F59}.Debug|Any CPU.Build.0 = Debug|Any CPU
		{3FC04F36-3167-4C23-9668-CA1E75D40F59}.Release|Any CPU.ActiveCfg = Release|Any CPU
		{3FC04F36-3167-4C23-9668-CA1E75D40F59}.Release|Any CPU.Build.0 = Release|Any CPU
	EndGlobalSection
	GlobalSection(SolutionProperties) = preSolution
		HideSolutionNode = FALSE
	EndGlobalSection
	GlobalSection(ExtensibilityGlobals) = postSolution
		SolutionGuid = {A48E38D6-C4F0-45D1-B257-28FF59BFB53B}
	EndGlobalSection
EndGlobal
