
Microsoft Visual Studio Solution File, Format Version 12.00
# Visual Studio 15
VisualStudioVersion = 15.0.27130.2027
MinimumVisualStudioVersion = 10.0.40219.1
Project("{FAE04EC0-301F-11D3-BF4B-00C04F79EFBC}") = "01_LancandoExpt", "01_LancandoExpt\01_LancandoExpt.csproj", "{D6911E6C-E897-49B6-83B1-6595D231119B}"
EndProject
Project("{FAE04EC0-301F-11D3-BF4B-00C04F79EFBC}") = "02_TratandoExcpt", "02_TratandoExcpt\02_TratandoExcpt.csproj", "{4DE5314B-63F2-411E-A63C-721BED5712B4}"
EndProject
Project("{FAE04EC0-301F-11D3-BF4B-00C04F79EFBC}") = "Customizar", "Customizar\Customizar.csproj", "{390FDE54-D596-40B3-A9F1-6E5BA43BBF05}"
EndProject
Global
	GlobalSection(SolutionConfigurationPlatforms) = preSolution
		Debug|Any CPU = Debug|Any CPU
		Release|Any CPU = Release|Any CPU
	EndGlobalSection
	GlobalSection(ProjectConfigurationPlatforms) = postSolution
		{D6911E6C-E897-49B6-83B1-6595D231119B}.Debug|Any CPU.ActiveCfg = Debug|Any CPU
		{D6911E6C-E897-49B6-83B1-6595D231119B}.Debug|Any CPU.Build.0 = Debug|Any CPU
		{D6911E6C-E897-49B6-83B1-6595D231119B}.Release|Any CPU.ActiveCfg = Release|Any CPU
		{D6911E6C-E897-49B6-83B1-6595D231119B}.Release|Any CPU.Build.0 = Release|Any CPU
		{4DE5314B-63F2-411E-A63C-721BED5712B4}.Debug|Any CPU.ActiveCfg = Debug|Any CPU
		{4DE5314B-63F2-411E-A63C-721BED5712B4}.Debug|Any CPU.Build.0 = Debug|Any CPU
		{4DE5314B-63F2-411E-A63C-721BED5712B4}.Release|Any CPU.ActiveCfg = Release|Any CPU
		{4DE5314B-63F2-411E-A63C-721BED5712B4}.Release|Any CPU.Build.0 = Release|Any CPU
		{390FDE54-D596-40B3-A9F1-6E5BA43BBF05}.Debug|Any CPU.ActiveCfg = Debug|Any CPU
		{390FDE54-D596-40B3-A9F1-6E5BA43BBF05}.Debug|Any CPU.Build.0 = Debug|Any CPU
		{390FDE54-D596-40B3-A9F1-6E5BA43BBF05}.Release|Any CPU.ActiveCfg = Release|Any CPU
		{390FDE54-D596-40B3-A9F1-6E5BA43BBF05}.Release|Any CPU.Build.0 = Release|Any CPU
	EndGlobalSection
	GlobalSection(SolutionProperties) = preSolution
		HideSolutionNode = FALSE
	EndGlobalSection
	GlobalSection(ExtensibilityGlobals) = postSolution
		SolutionGuid = {EB3CB5E8-2B65-4EEF-A142-0A350C097C9A}
	EndGlobalSection
EndGlobal
