
Microsoft Visual Studio Solution File, Format Version 12.00
# Visual Studio 15
VisualStudioVersion = 15.0.27130.2027
MinimumVisualStudioVersion = 10.0.40219.1
Project("{FAE04EC0-301F-11D3-BF4B-00C04F79EFBC}") = "01_PalavraThis", "01_PalavraThis\01_PalavraThis.csproj", "{94FB9750-E272-4961-87A1-FCB260405FEB}"
EndProject
Project("{FAE04EC0-301F-11D3-BF4B-00C04F79EFBC}") = "02_PalavraBase", "02_PalavraBase\02_PalavraBase.csproj", "{93C9BC35-7E1C-4D02-A583-C0731766F650}"
EndProject
Project("{FAE04EC0-301F-11D3-BF4B-00C04F79EFBC}") = "03_ConstrutorBase", "03_ConstrutorBase\03_ConstrutorBase.csproj", "{1C6D9597-D398-4D66-AE3D-8D3E48B45DE9}"
EndProject
Project("{FAE04EC0-301F-11D3-BF4B-00C04F79EFBC}") = "04_ConversaoCasting", "04_ConversaoCasting\04_ConversaoCasting.csproj", "{8F683724-2650-43E2-931C-92AC362D78BA}"
EndProject
Project("{FAE04EC0-301F-11D3-BF4B-00C04F79EFBC}") = "05_Un_BOXING", "05_Un_BOXING\05_Un_BOXING.csproj", "{23E99591-79B5-4668-A0CF-399996625105}"
EndProject
Global
	GlobalSection(SolutionConfigurationPlatforms) = preSolution
		Debug|Any CPU = Debug|Any CPU
		Release|Any CPU = Release|Any CPU
	EndGlobalSection
	GlobalSection(ProjectConfigurationPlatforms) = postSolution
		{94FB9750-E272-4961-87A1-FCB260405FEB}.Debug|Any CPU.ActiveCfg = Debug|Any CPU
		{94FB9750-E272-4961-87A1-FCB260405FEB}.Debug|Any CPU.Build.0 = Debug|Any CPU
		{94FB9750-E272-4961-87A1-FCB260405FEB}.Release|Any CPU.ActiveCfg = Release|Any CPU
		{94FB9750-E272-4961-87A1-FCB260405FEB}.Release|Any CPU.Build.0 = Release|Any CPU
		{93C9BC35-7E1C-4D02-A583-C0731766F650}.Debug|Any CPU.ActiveCfg = Debug|Any CPU
		{93C9BC35-7E1C-4D02-A583-C0731766F650}.Debug|Any CPU.Build.0 = Debug|Any CPU
		{93C9BC35-7E1C-4D02-A583-C0731766F650}.Release|Any CPU.ActiveCfg = Release|Any CPU
		{93C9BC35-7E1C-4D02-A583-C0731766F650}.Release|Any CPU.Build.0 = Release|Any CPU
		{1C6D9597-D398-4D66-AE3D-8D3E48B45DE9}.Debug|Any CPU.ActiveCfg = Debug|Any CPU
		{1C6D9597-D398-4D66-AE3D-8D3E48B45DE9}.Debug|Any CPU.Build.0 = Debug|Any CPU
		{1C6D9597-D398-4D66-AE3D-8D3E48B45DE9}.Release|Any CPU.ActiveCfg = Release|Any CPU
		{1C6D9597-D398-4D66-AE3D-8D3E48B45DE9}.Release|Any CPU.Build.0 = Release|Any CPU
		{8F683724-2650-43E2-931C-92AC362D78BA}.Debug|Any CPU.ActiveCfg = Debug|Any CPU
		{8F683724-2650-43E2-931C-92AC362D78BA}.Debug|Any CPU.Build.0 = Debug|Any CPU
		{8F683724-2650-43E2-931C-92AC362D78BA}.Release|Any CPU.ActiveCfg = Release|Any CPU
		{8F683724-2650-43E2-931C-92AC362D78BA}.Release|Any CPU.Build.0 = Release|Any CPU
		{23E99591-79B5-4668-A0CF-399996625105}.Debug|Any CPU.ActiveCfg = Debug|Any CPU
		{23E99591-79B5-4668-A0CF-399996625105}.Debug|Any CPU.Build.0 = Debug|Any CPU
		{23E99591-79B5-4668-A0CF-399996625105}.Release|Any CPU.ActiveCfg = Release|Any CPU
		{23E99591-79B5-4668-A0CF-399996625105}.Release|Any CPU.Build.0 = Release|Any CPU
	EndGlobalSection
	GlobalSection(SolutionProperties) = preSolution
		HideSolutionNode = FALSE
	EndGlobalSection
	GlobalSection(ExtensibilityGlobals) = postSolution
		SolutionGuid = {78159534-2CD2-44B8-A4C4-26BDEED3061B}
	EndGlobalSection
EndGlobal
