
Microsoft Visual Studio Solution File, Format Version 12.00
# Visual Studio 15
VisualStudioVersion = 15.0.27130.2027
MinimumVisualStudioVersion = 10.0.40219.1
Project("{FAE04EC0-301F-11D3-BF4B-00C04F79EFBC}") = "Projeto", "Projeto\Projeto.csproj", "{C011F771-8667-4F13-8558-C93C44CD1D66}"
EndProject
Project("{FAE04EC0-301F-11D3-BF4B-00C04F79EFBC}") = "Biblioteca", "Biblioteca\Biblioteca.csproj", "{A540C89E-E4BF-498B-9C06-C385A5E68CAA}"
EndProject
Global
	GlobalSection(SolutionConfigurationPlatforms) = preSolution
		Debug|Any CPU = Debug|Any CPU
		Release|Any CPU = Release|Any CPU
	EndGlobalSection
	GlobalSection(ProjectConfigurationPlatforms) = postSolution
		{C011F771-8667-4F13-8558-C93C44CD1D66}.Debug|Any CPU.ActiveCfg = Debug|Any CPU
		{C011F771-8667-4F13-8558-C93C44CD1D66}.Debug|Any CPU.Build.0 = Debug|Any CPU
		{C011F771-8667-4F13-8558-C93C44CD1D66}.Release|Any CPU.ActiveCfg = Release|Any CPU
		{C011F771-8667-4F13-8558-C93C44CD1D66}.Release|Any CPU.Build.0 = Release|Any CPU
		{A540C89E-E4BF-498B-9C06-C385A5E68CAA}.Debug|Any CPU.ActiveCfg = Debug|Any CPU
		{A540C89E-E4BF-498B-9C06-C385A5E68CAA}.Debug|Any CPU.Build.0 = Debug|Any CPU
		{A540C89E-E4BF-498B-9C06-C385A5E68CAA}.Release|Any CPU.ActiveCfg = Release|Any CPU
		{A540C89E-E4BF-498B-9C06-C385A5E68CAA}.Release|Any CPU.Build.0 = Release|Any CPU
	EndGlobalSection
	GlobalSection(SolutionProperties) = preSolution
		HideSolutionNode = FALSE
	EndGlobalSection
	GlobalSection(ExtensibilityGlobals) = postSolution
		SolutionGuid = {7F75CFD9-AB38-4D8B-B7AB-9F724046A1A9}
	EndGlobalSection
EndGlobal
